<?xml version="1.0" encoding="utf-8"?>
<Project ToolsVersion="4.0" xmlns="http://schemas.microsoft.com/developer/msbuild/2003">
  <ItemGroup>
    <Filter Include="Source Files">
      <UniqueIdentifier>{4FC737F1-C7A5-4376-A066-2A32D752A2FF}</UniqueIdentifier>
      <Extensions>cpp;c;cc;cxx;c++;cppm;ixx;def;odl;idl;hpj;bat;asm;asmx</Extensions>
    </Filter>
    <Filter Include="Header Files">
      <UniqueIdentifier>{93995380-89BD-4b04-88EB-625FBE52EBFB}</UniqueIdentifier>
      <Extensions>h;hh;hpp;hxx;h++;hm;inl;inc;ipp;xsd</Extensions>
    </Filter>
  </ItemGroup>
  <ItemGroup>
    <ClInclude Include="include\KibakoEngine\Collision\Collision2D.h">
      <Filter>Header Files</Filter>
    </ClInclude>
    <ClInclude Include="include\KibakoEngine\Core\Application.h">
      <Filter>Header Files</Filter>
    </ClInclude>
    <ClInclude Include="include\KibakoEngine\Core\GameServices.h">
      <Filter>Header Files</Filter>
    </ClInclude>
    <ClInclude Include="include\KibakoEngine\Core\Profiler.h">
      <Filter>Header Files</Filter>
    </ClInclude>
    <ClInclude Include="include\KibakoEngine\Core\Debug.h">
      <Filter>Header Files</Filter>
    </ClInclude>
    <ClInclude Include="include\KibakoEngine\Core\Input.h">
      <Filter>Header Files</Filter>
    </ClInclude>
    <ClInclude Include="include\KibakoEngine\Core\Layer.h">
      <Filter>Header Files</Filter>
    </ClInclude>
    <ClInclude Include="include\KibakoEngine\Core\Log.h">
      <Filter>Header Files</Filter>
    </ClInclude>
    <ClInclude Include="include\KibakoEngine\Core\Time.h">
      <Filter>Header Files</Filter>
    </ClInclude>
    <ClInclude Include="include\KibakoEngine\Gameplay\Timers.h">
      <Filter>Header Files</Filter>
    </ClInclude>
    <ClInclude Include="include\KibakoEngine\Renderer\Camera2D.h">
      <Filter>Header Files</Filter>
    </ClInclude>
    <ClInclude Include="include\KibakoEngine\Renderer\DebugDraw2D.h">
      <Filter>Header Files</Filter>
    </ClInclude>
    <ClInclude Include="include\KibakoEngine\Renderer\RendererD3D11.h">
      <Filter>Header Files</Filter>
    </ClInclude>
    <ClInclude Include="include\KibakoEngine\Renderer\SpriteBatch2D.h">
      <Filter>Header Files</Filter>
    </ClInclude>
    <ClInclude Include="include\KibakoEngine\Renderer\SpriteTypes.h">
      <Filter>Header Files</Filter>
    </ClInclude>
    <ClInclude Include="include\KibakoEngine\Renderer\Texture2D.h">
      <Filter>Header Files</Filter>
    </ClInclude>
    <ClInclude Include="include\KibakoEngine\Resources\AssetManager.h">
      <Filter>Header Files</Filter>
    </ClInclude>
    <ClInclude Include="include\KibakoEngine\Scene\Scene2D.h">
      <Filter>Header Files</Filter>
    </ClInclude>
    <ClInclude Include="include\KibakoEngine\Utils\Math.h">
      <Filter>Header Files</Filter>
    </ClInclude>
    <ClInclude Include="include\KibakoEngine\UI\RmlSystemInterface.h">
      <Filter>Header Files</Filter>
    </ClInclude>
    <ClInclude Include="include\KibakoEngine\UI\RmlRenderInterfaceD3D11.h">
      <Filter>Header Files</Filter>
    </ClInclude>
    <ClInclude Include="include\KibakoEngine\UI\RmlUIContext.h">
      <Filter>Header Files</Filter>
    </ClInclude>
    <ClInclude Include="include\KibakoEngine\Scene\ComponentStore.h">
      <Filter>Header Files</Filter>
    </ClInclude>
    <ClInclude Include="include\KibakoEngine\UI\EditorOverlay.h">
      <Filter>Header Files</Filter>
    </ClInclude>
    <ClInclude Include="include\KibakoEngine\Scene\ScriptParams.h">
      <Filter>Header Files</Filter>
    </ClInclude>
  </ItemGroup>
  <ItemGroup>
    <ClCompile Include="src\Collision\Collision2D.cpp">
      <Filter>Source Files</Filter>
    </ClCompile>
    <ClCompile Include="src\Core\Application.cpp">
      <Filter>Source Files</Filter>
    </ClCompile>
    <ClCompile Include="src\Core\Debug.cpp">
      <Filter>Source Files</Filter>
    </ClCompile>
    <ClCompile Include="src\Core\GameServices.cpp">
      <Filter>Source Files</Filter>
    </ClCompile>
    <ClCompile Include="src\Core\Input.cpp">
      <Filter>Source Files</Filter>
    </ClCompile>
    <ClCompile Include="src\Core\Log.cpp">
      <Filter>Source Files</Filter>
    </ClCompile>
    <ClCompile Include="src\Core\Profiler.cpp">
      <Filter>Source Files</Filter>
    </ClCompile>
    <ClCompile Include="src\Core\Time.cpp">
      <Filter>Source Files</Filter>
    </ClCompile>
    <ClCompile Include="src\Renderer\Camera2D.cpp">
      <Filter>Source Files</Filter>
    </ClCompile>
    <ClCompile Include="src\Renderer\DebugDraw2D.cpp">
      <Filter>Source Files</Filter>
    </ClCompile>
    <ClCompile Include="src\Renderer\RendererD3D11.cpp">
      <Filter>Source Files</Filter>
    </ClCompile>
    <ClCompile Include="src\Renderer\SpriteBatch2D.cpp">
      <Filter>Source Files</Filter>
    </ClCompile>
    <ClCompile Include="src\Renderer\Texture2D.cpp">
      <Filter>Source Files</Filter>
    </ClCompile>
    <ClCompile Include="src\Resources\AssetManager.cpp">
      <Filter>Source Files</Filter>
    </ClCompile>
    <ClCompile Include="src\Scene\Scene2D.cpp">
      <Filter>Source Files</Filter>
    </ClCompile>
    <ClCompile Include="src\UI\RmlSystemInterface.cpp">
      <Filter>Source Files</Filter>
    </ClCompile>
    <ClCompile Include="src\UI\RmlRenderInterfaceD3D11.cpp">
      <Filter>Source Files</Filter>
    </ClCompile>
    <ClCompile Include="src\UI\RmlUIContext.cpp">
      <Filter>Source Files</Filter>
    </ClCompile>
    <ClCompile Include="src\UI\EditorOverlay.cpp">
      <Filter>Source Files</Filter>
    </ClCompile>
  </ItemGroup>
  <ItemGroup>
    <None Include="assets\ui\editor.rcss" />
    <None Include="assets\ui\editor.rml" />
  </ItemGroup>
</Project>